<?xml version="1.0" encoding="utf-8"?>
<Project ToolsVersion="4.0" xmlns="http://schemas.microsoft.com/developer/msbuild/2003">
  <ItemGroup>
    <Filter Include="Util">
      <UniqueIdentifier>{dca92570-4e9e-429c-a354-bc02f2effac3}</UniqueIdentifier>
    </Filter>
    <Filter Include="리소스 파일">
      <UniqueIdentifier>{67DA6AB6-F800-4c08-8B7A-83BB121AAD01}</UniqueIdentifier>
      <Extensions>rc;ico;cur;bmp;dlg;rc2;rct;bin;rgs;gif;jpg;jpeg;jpe;resx;tiff;tif;png;wav;mfcribbon-ms</Extensions>
    </Filter>
    <Filter Include="source file">
      <UniqueIdentifier>{4FC737F1-C7A5-4376-A066-2A32D752A2FF}</UniqueIdentifier>
      <Extensions>cpp;c;cc;cxx;c++;cppm;ixx;def;odl;idl;hpj;bat;asm;asmx</Extensions>
    </Filter>
    <Filter Include="xmachina_protocol">
      <UniqueIdentifier>{da5cf5c4-9a5a-41b3-a52e-0cf02abd6400}</UniqueIdentifier>
    </Filter>
  </ItemGroup>
  <ItemGroup>
    <ClInclude Include="Framework.h">
      <Filter>source file</Filter>
    </ClInclude>
    <ClInclude Include="pch.h">
      <Filter>Util</Filter>
    </ClInclude>
    <ClInclude Include="Resource.h">
      <Filter>Util</Filter>
    </ClInclude>
    <ClInclude Include="Singleton.h">
      <Filter>Util</Filter>
    </ClInclude>
    <ClInclude Include="Win32RenderMgr.h">
      <Filter>source file</Filter>
    </ClInclude>
    <ClInclude Include="NetworkModule.h">
      <Filter>source file</Filter>
    </ClInclude>
    <ClInclude Include="Session.h">
      <Filter>source file</Filter>
    </ClInclude>
    <ClInclude Include="ExOverlapped.h">
      <Filter>source file</Filter>
    </ClInclude>
    <ClInclude Include="xmachina_protocol\FBP_Player_generated.h">
      <Filter>xmachina_protocol</Filter>
    </ClInclude>
    <ClInclude Include="xmachina_protocol\FBProtocol_generated.h">
      <Filter>xmachina_protocol</Filter>
    </ClInclude>
    <ClInclude Include="xmachina_protocol\Struct_generated.h">
      <Filter>xmachina_protocol</Filter>
    </ClInclude>
    <ClInclude Include="xmachina_protocol\Transform_generated.h">
      <Filter>xmachina_protocol</Filter>
    </ClInclude>
    <ClInclude Include="xmachina_protocol\Enum_generated.h">
      <Filter>xmachina_protocol</Filter>
    </ClInclude>
    <ClInclude Include="xmachina_protocol\FBP_Bullet_generated.h">
      <Filter>xmachina_protocol</Filter>
    </ClInclude>
    <ClInclude Include="xmachina_protocol\FBP_Chat_generated.h">
      <Filter>xmachina_protocol</Filter>
    </ClInclude>
    <ClInclude Include="xmachina_protocol\FBP_Custom_generated.h">
      <Filter>xmachina_protocol</Filter>
    </ClInclude>
    <ClInclude Include="xmachina_protocol\FBP_Enemy_generated.h">
      <Filter>xmachina_protocol</Filter>
    </ClInclude>
    <ClInclude Include="xmachina_protocol\FBP_Enter_generated.h">
      <Filter>xmachina_protocol</Filter>
    </ClInclude>
    <ClInclude Include="xmachina_protocol\FBP_Item_generated.h">
      <Filter>xmachina_protocol</Filter>
    </ClInclude>
    <ClInclude Include="xmachina_protocol\FBP_LogIn_generated.h">
      <Filter>xmachina_protocol</Filter>
    </ClInclude>
    <ClInclude Include="xmachina_protocol\FBP_NetworkLatency_generated.h">
      <Filter>xmachina_protocol</Filter>
    </ClInclude>
    <ClInclude Include="xmachina_protocol\FBP_Phero_generated.h">
      <Filter>xmachina_protocol</Filter>
    </ClInclude>
  </ItemGroup>
  <ItemGroup>
    <ClCompile Include="main.cpp">
      <Filter>source file</Filter>
    </ClCompile>
    <ClCompile Include="Framework.cpp">
      <Filter>source file</Filter>
    </ClCompile>
    <ClCompile Include="pch.cpp">
      <Filter>Util</Filter>
    </ClCompile>
    <ClCompile Include="Singleton.cpp">
      <Filter>Util</Filter>
    </ClCompile>
    <ClCompile Include="Win32RenderMgr.cpp">
      <Filter>source file</Filter>
    </ClCompile>
    <ClCompile Include="NetworkModule.cpp">
      <Filter>source file</Filter>
    </ClCompile>
    <ClCompile Include="Session.cpp">
      <Filter>source file</Filter>
    </ClCompile>
    <ClCompile Include="ExOverlapped.cpp">
      <Filter>source file</Filter>
    </ClCompile>
  </ItemGroup>
  <ItemGroup>
    <ResourceCompile Include="JJM_ServerStressTest.rc">
      <Filter>리소스 파일</Filter>
    </ResourceCompile>
  </ItemGroup>
  <ItemGroup>
    <Image Include="small.ico">
      <Filter>리소스 파일</Filter>
    </Image>
    <Image Include="JJM_ServerStressTest.ico">
      <Filter>리소스 파일</Filter>
    </Image>
  </ItemGroup>
  <ItemGroup>
    <None Include="xmachina_protocol\FBP_Player.fbs">
      <Filter>xmachina_protocol</Filter>
    </None>
    <None Include="xmachina_protocol\FBProtocol.fbs">
      <Filter>xmachina_protocol</Filter>
    </None>
    <None Include="xmachina_protocol\GenFlatBuffersHeader.bat">
      <Filter>xmachina_protocol</Filter>
    </None>
    <None Include="xmachina_protocol\Struct.fbs">
      <Filter>xmachina_protocol</Filter>
    </None>
    <None Include="xmachina_protocol\Transform.fbs">
      <Filter>xmachina_protocol</Filter>
    </None>
    <None Include="xmachina_protocol\Enum.fbs">
      <Filter>xmachina_protocol</Filter>
    </None>
    <None Include="xmachina_protocol\FBP_Bullet.fbs">
      <Filter>xmachina_protocol</Filter>
    </None>
    <None Include="xmachina_protocol\FBP_Chat.fbs">
      <Filter>xmachina_protocol</Filter>
    </None>
    <None Include="xmachina_protocol\FBP_Custom.fbs">
      <Filter>xmachina_protocol</Filter>
    </None>
    <None Include="xmachina_protocol\FBP_Enemy.fbs">
      <Filter>xmachina_protocol</Filter>
    </None>
    <None Include="xmachina_protocol\FBP_Enter.fbs">
      <Filter>xmachina_protocol</Filter>
    </None>
    <None Include="xmachina_protocol\FBP_Item.fbs">
      <Filter>xmachina_protocol</Filter>
    </None>
    <None Include="xmachina_protocol\FBP_LogIn.fbs">
      <Filter>xmachina_protocol</Filter>
    </None>
    <None Include="xmachina_protocol\FBP_NetworkLatency.fbs">
      <Filter>xmachina_protocol</Filter>
    </None>
    <None Include="xmachina_protocol\FBP_Phero.fbs">
      <Filter>xmachina_protocol</Filter>
    </None>
  </ItemGroup>
</Project>